
Microsoft Visual Studio Solution File, Format Version 12.00
# Visual Studio 2012
Project("{FAE04EC0-301F-11D3-BF4B-00C04F79EFBC}") = "Prestamos", "Prestamos\Prestamos.csproj", "{BF1D2A32-4BE3-4D5F-8394-5EBD9A236BBD}"
EndProject
Project("{6141683F-8A12-4E36-9623-2EB02B2C2303}") = "Instalador prestamos", "Instalador prestamos\Instalador prestamos.isproj", "{CC5E88D5-9CA2-4CAF-9A4A-029E8B4B48C4}"
EndProject
Project("{FAE04EC0-301F-11D3-BF4B-00C04F79EFBC}") = "Prestamos API", "Prestamos API\Prestamos API.csproj", "{608D9461-7CB9-47DB-A101-2A67D24C7540}"
EndProject
Global
	GlobalSection(SolutionConfigurationPlatforms) = preSolution
		CD_ROM|Any CPU = CD_ROM|Any CPU
		CD_ROM|ARM = CD_ROM|ARM
		CD_ROM|x64 = CD_ROM|x64
		CD_ROM|x86 = CD_ROM|x86
		Debug|Any CPU = Debug|Any CPU
		Debug|ARM = Debug|ARM
		Debug|x64 = Debug|x64
		Debug|x86 = Debug|x86
		DVD-5|Any CPU = DVD-5|Any CPU
		DVD-5|ARM = DVD-5|ARM
		DVD-5|x64 = DVD-5|x64
		DVD-5|x86 = DVD-5|x86
		Release|Any CPU = Release|Any CPU
		Release|ARM = Release|ARM
		Release|x64 = Release|x64
		Release|x86 = Release|x86
		SingleImage|Any CPU = SingleImage|Any CPU
		SingleImage|ARM = SingleImage|ARM
		SingleImage|x64 = SingleImage|x64
		SingleImage|x86 = SingleImage|x86
	EndGlobalSection
	GlobalSection(ProjectConfigurationPlatforms) = postSolution
		{BF1D2A32-4BE3-4D5F-8394-5EBD9A236BBD}.CD_ROM|Any CPU.ActiveCfg = Release|Any CPU
		{BF1D2A32-4BE3-4D5F-8394-5EBD9A236BBD}.CD_ROM|Any CPU.Build.0 = Release|Any CPU
		{BF1D2A32-4BE3-4D5F-8394-5EBD9A236BBD}.CD_ROM|ARM.ActiveCfg = Debug|Any CPU
		{BF1D2A32-4BE3-4D5F-8394-5EBD9A236BBD}.CD_ROM|x64.ActiveCfg = Debug|Any CPU
		{BF1D2A32-4BE3-4D5F-8394-5EBD9A236BBD}.CD_ROM|x86.ActiveCfg = Debug|Any CPU
		{BF1D2A32-4BE3-4D5F-8394-5EBD9A236BBD}.Debug|Any CPU.ActiveCfg = Debug|Any CPU
		{BF1D2A32-4BE3-4D5F-8394-5EBD9A236BBD}.Debug|Any CPU.Build.0 = Debug|Any CPU
		{BF1D2A32-4BE3-4D5F-8394-5EBD9A236BBD}.Debug|ARM.ActiveCfg = Debug|Any CPU
		{BF1D2A32-4BE3-4D5F-8394-5EBD9A236BBD}.Debug|x64.ActiveCfg = Debug|Any CPU
		{BF1D2A32-4BE3-4D5F-8394-5EBD9A236BBD}.Debug|x86.ActiveCfg = Debug|Any CPU
		{BF1D2A32-4BE3-4D5F-8394-5EBD9A236BBD}.DVD-5|Any CPU.ActiveCfg = Debug|Any CPU
		{BF1D2A32-4BE3-4D5F-8394-5EBD9A236BBD}.DVD-5|Any CPU.Build.0 = Debug|Any CPU
		{BF1D2A32-4BE3-4D5F-8394-5EBD9A236BBD}.DVD-5|ARM.ActiveCfg = Debug|Any CPU
		{BF1D2A32-4BE3-4D5F-8394-5EBD9A236BBD}.DVD-5|x64.ActiveCfg = Debug|Any CPU
		{BF1D2A32-4BE3-4D5F-8394-5EBD9A236BBD}.DVD-5|x86.ActiveCfg = Debug|Any CPU
		{BF1D2A32-4BE3-4D5F-8394-5EBD9A236BBD}.Release|Any CPU.ActiveCfg = Release|Any CPU
		{BF1D2A32-4BE3-4D5F-8394-5EBD9A236BBD}.Release|Any CPU.Build.0 = Release|Any CPU
		{BF1D2A32-4BE3-4D5F-8394-5EBD9A236BBD}.Release|ARM.ActiveCfg = Release|Any CPU
		{BF1D2A32-4BE3-4D5F-8394-5EBD9A236BBD}.Release|x64.ActiveCfg = Release|Any CPU
		{BF1D2A32-4BE3-4D5F-8394-5EBD9A236BBD}.Release|x86.ActiveCfg = Release|Any CPU
		{BF1D2A32-4BE3-4D5F-8394-5EBD9A236BBD}.SingleImage|Any CPU.ActiveCfg = Release|Any CPU
		{BF1D2A32-4BE3-4D5F-8394-5EBD9A236BBD}.SingleImage|Any CPU.Build.0 = Release|Any CPU
		{BF1D2A32-4BE3-4D5F-8394-5EBD9A236BBD}.SingleImage|ARM.ActiveCfg = Debug|Any CPU
		{BF1D2A32-4BE3-4D5F-8394-5EBD9A236BBD}.SingleImage|x64.ActiveCfg = Debug|Any CPU
		{BF1D2A32-4BE3-4D5F-8394-5EBD9A236BBD}.SingleImage|x86.ActiveCfg = Debug|Any CPU
		{CC5E88D5-9CA2-4CAF-9A4A-029E8B4B48C4}.CD_ROM|Any CPU.ActiveCfg = CD_ROM
		{CC5E88D5-9CA2-4CAF-9A4A-029E8B4B48C4}.CD_ROM|Any CPU.Build.0 = CD_ROM
		{CC5E88D5-9CA2-4CAF-9A4A-029E8B4B48C4}.CD_ROM|ARM.ActiveCfg = CD_ROM
		{CC5E88D5-9CA2-4CAF-9A4A-029E8B4B48C4}.CD_ROM|ARM.Build.0 = CD_ROM
		{CC5E88D5-9CA2-4CAF-9A4A-029E8B4B48C4}.CD_ROM|x64.ActiveCfg = CD_ROM
		{CC5E88D5-9CA2-4CAF-9A4A-029E8B4B48C4}.CD_ROM|x64.Build.0 = CD_ROM
		{CC5E88D5-9CA2-4CAF-9A4A-029E8B4B48C4}.CD_ROM|x86.ActiveCfg = CD_ROM
		{CC5E88D5-9CA2-4CAF-9A4A-029E8B4B48C4}.CD_ROM|x86.Build.0 = CD_ROM
		{CC5E88D5-9CA2-4CAF-9A4A-029E8B4B48C4}.Debug|Any CPU.ActiveCfg = SingleImage
		{CC5E88D5-9CA2-4CAF-9A4A-029E8B4B48C4}.Debug|Any CPU.Build.0 = SingleImage
		{CC5E88D5-9CA2-4CAF-9A4A-029E8B4B48C4}.Debug|ARM.ActiveCfg = DVD-5
		{CC5E88D5-9CA2-4CAF-9A4A-029E8B4B48C4}.Debug|ARM.Build.0 = DVD-5
		{CC5E88D5-9CA2-4CAF-9A4A-029E8B4B48C4}.Debug|x64.ActiveCfg = DVD-5
		{CC5E88D5-9CA2-4CAF-9A4A-029E8B4B48C4}.Debug|x64.Build.0 = DVD-5
		{CC5E88D5-9CA2-4CAF-9A4A-029E8B4B48C4}.Debug|x86.ActiveCfg = DVD-5
		{CC5E88D5-9CA2-4CAF-9A4A-029E8B4B48C4}.Debug|x86.Build.0 = DVD-5
		{CC5E88D5-9CA2-4CAF-9A4A-029E8B4B48C4}.DVD-5|Any CPU.ActiveCfg = DVD-5
		{CC5E88D5-9CA2-4CAF-9A4A-029E8B4B48C4}.DVD-5|Any CPU.Build.0 = DVD-5
		{CC5E88D5-9CA2-4CAF-9A4A-029E8B4B48C4}.DVD-5|ARM.ActiveCfg = DVD-5
		{CC5E88D5-9CA2-4CAF-9A4A-029E8B4B48C4}.DVD-5|ARM.Build.0 = DVD-5
		{CC5E88D5-9CA2-4CAF-9A4A-029E8B4B48C4}.DVD-5|x64.ActiveCfg = DVD-5
		{CC5E88D5-9CA2-4CAF-9A4A-029E8B4B48C4}.DVD-5|x64.Build.0 = DVD-5
		{CC5E88D5-9CA2-4CAF-9A4A-029E8B4B48C4}.DVD-5|x86.ActiveCfg = DVD-5
		{CC5E88D5-9CA2-4CAF-9A4A-029E8B4B48C4}.DVD-5|x86.Build.0 = DVD-5
		{CC5E88D5-9CA2-4CAF-9A4A-029E8B4B48C4}.Release|Any CPU.ActiveCfg = SingleImage
		{CC5E88D5-9CA2-4CAF-9A4A-029E8B4B48C4}.Release|Any CPU.Build.0 = SingleImage
		{CC5E88D5-9CA2-4CAF-9A4A-029E8B4B48C4}.Release|ARM.ActiveCfg = SingleImage
		{CC5E88D5-9CA2-4CAF-9A4A-029E8B4B48C4}.Release|ARM.Build.0 = SingleImage
		{CC5E88D5-9CA2-4CAF-9A4A-029E8B4B48C4}.Release|x64.ActiveCfg = SingleImage
		{CC5E88D5-9CA2-4CAF-9A4A-029E8B4B48C4}.Release|x64.Build.0 = SingleImage
		{CC5E88D5-9CA2-4CAF-9A4A-029E8B4B48C4}.Release|x86.ActiveCfg = SingleImage
		{CC5E88D5-9CA2-4CAF-9A4A-029E8B4B48C4}.Release|x86.Build.0 = SingleImage
		{CC5E88D5-9CA2-4CAF-9A4A-029E8B4B48C4}.SingleImage|Any CPU.ActiveCfg = SingleImage
		{CC5E88D5-9CA2-4CAF-9A4A-029E8B4B48C4}.SingleImage|Any CPU.Build.0 = SingleImage
		{CC5E88D5-9CA2-4CAF-9A4A-029E8B4B48C4}.SingleImage|ARM.ActiveCfg = SingleImage
		{CC5E88D5-9CA2-4CAF-9A4A-029E8B4B48C4}.SingleImage|ARM.Build.0 = SingleImage
		{CC5E88D5-9CA2-4CAF-9A4A-029E8B4B48C4}.SingleImage|x64.ActiveCfg = SingleImage
		{CC5E88D5-9CA2-4CAF-9A4A-029E8B4B48C4}.SingleImage|x64.Build.0 = SingleImage
		{CC5E88D5-9CA2-4CAF-9A4A-029E8B4B48C4}.SingleImage|x86.ActiveCfg = SingleImage
		{CC5E88D5-9CA2-4CAF-9A4A-029E8B4B48C4}.SingleImage|x86.Build.0 = SingleImage
		{608D9461-7CB9-47DB-A101-2A67D24C7540}.CD_ROM|Any CPU.ActiveCfg = Release|Any CPU
		{608D9461-7CB9-47DB-A101-2A67D24C7540}.CD_ROM|Any CPU.Build.0 = Release|Any CPU
		{608D9461-7CB9-47DB-A101-2A67D24C7540}.CD_ROM|ARM.ActiveCfg = Release|Any CPU
		{608D9461-7CB9-47DB-A101-2A67D24C7540}.CD_ROM|x64.ActiveCfg = Release|Any CPU
		{608D9461-7CB9-47DB-A101-2A67D24C7540}.CD_ROM|x86.ActiveCfg = Release|Any CPU
		{608D9461-7CB9-47DB-A101-2A67D24C7540}.Debug|Any CPU.ActiveCfg = Debug|Any CPU
		{608D9461-7CB9-47DB-A101-2A67D24C7540}.Debug|Any CPU.Build.0 = Debug|Any CPU
		{608D9461-7CB9-47DB-A101-2A67D24C7540}.Debug|ARM.ActiveCfg = Debug|Any CPU
		{608D9461-7CB9-47DB-A101-2A67D24C7540}.Debug|x64.ActiveCfg = Debug|Any CPU
		{608D9461-7CB9-47DB-A101-2A67D24C7540}.Debug|x86.ActiveCfg = Debug|Any CPU
		{608D9461-7CB9-47DB-A101-2A67D24C7540}.DVD-5|Any CPU.ActiveCfg = Debug|Any CPU
		{608D9461-7CB9-47DB-A101-2A67D24C7540}.DVD-5|Any CPU.Build.0 = Debug|Any CPU
		{608D9461-7CB9-47DB-A101-2A67D24C7540}.DVD-5|ARM.ActiveCfg = Debug|Any CPU
		{608D9461-7CB9-47DB-A101-2A67D24C7540}.DVD-5|x64.ActiveCfg = Debug|Any CPU
		{608D9461-7CB9-47DB-A101-2A67D24C7540}.DVD-5|x86.ActiveCfg = Debug|Any CPU
		{608D9461-7CB9-47DB-A101-2A67D24C7540}.Release|Any CPU.ActiveCfg = Release|Any CPU
		{608D9461-7CB9-47DB-A101-2A67D24C7540}.Release|Any CPU.Build.0 = Release|Any CPU
		{608D9461-7CB9-47DB-A101-2A67D24C7540}.Release|ARM.ActiveCfg = Release|Any CPU
		{608D9461-7CB9-47DB-A101-2A67D24C7540}.Release|x64.ActiveCfg = Release|Any CPU
		{608D9461-7CB9-47DB-A101-2A67D24C7540}.Release|x86.ActiveCfg = Release|Any CPU
		{608D9461-7CB9-47DB-A101-2A67D24C7540}.SingleImage|Any CPU.ActiveCfg = Release|Any CPU
		{608D9461-7CB9-47DB-A101-2A67D24C7540}.SingleImage|Any CPU.Build.0 = Release|Any CPU
		{608D9461-7CB9-47DB-A101-2A67D24C7540}.SingleImage|ARM.ActiveCfg = Release|Any CPU
		{608D9461-7CB9-47DB-A101-2A67D24C7540}.SingleImage|x64.ActiveCfg = Release|Any CPU
		{608D9461-7CB9-47DB-A101-2A67D24C7540}.SingleImage|x86.ActiveCfg = Release|Any CPU
	EndGlobalSection
	GlobalSection(SolutionProperties) = preSolution
		HideSolutionNode = FALSE
	EndGlobalSection
EndGlobal
